
Microsoft Visual Studio Solution File, Format Version 12.00
# Visual Studio Version 17
VisualStudioVersion = 17.0.31912.275
MinimumVisualStudioVersion = 10.0.40219.1
Project("{9A19103F-16F7-4668-BE54-9A1E7A4F7556}") = "ChartBuilding.API", "ChartBuilding.API\ChartBuilding.API.csproj", "{86C7006D-BDEC-4A8D-B0FE-0B5C0804C33B}"
EndProject
Project("{2150E333-8FDC-42A3-9474-1A3956D46DE8}") = "src", "src", "{64337CCF-40CF-4B33-9D28-0E40E02EF752}"
EndProject
Project("{2150E333-8FDC-42A3-9474-1A3956D46DE8}") = "API", "API", "{A773A9B2-7174-45E4-A7AB-9B7B02500688}"
EndProject
Project("{2150E333-8FDC-42A3-9474-1A3956D46DE8}") = "Infrastructures", "Infrastructures", "{09393E81-F87E-4376-A071-F9D5A94A1631}"
EndProject
Project("{2150E333-8FDC-42A3-9474-1A3956D46DE8}") = "Core", "Core", "{7AAEA16E-A0FD-4A05-984F-AD24D8DDF1D5}"
EndProject
Project("{9A19103F-16F7-4668-BE54-9A1E7A4F7556}") = "ChartBulding.Core.Domain", "ChartBulding.Core.Domain\ChartBulding.Core.Domain.csproj", "{5A388C4B-17F6-4B2E-A5C7-CAFABC95E528}"
EndProject
Project("{9A19103F-16F7-4668-BE54-9A1E7A4F7556}") = "ChartBuilding.Core.Repository", "ChartBuilding.Infrastructure.Repository\ChartBuilding.Core.Repository.csproj", "{A46C4B76-7EF6-4E92-8014-0CBBD1E0A685}"
EndProject
Project("{9A19103F-16F7-4668-BE54-9A1E7A4F7556}") = "ChartBuilding.Infrastructure.Interface", "ChartBuilding.Infrastructure.Interface\ChartBuilding.Infrastructure.Interface.csproj", "{1A300B7E-A7BA-4915-82B8-4B968C6DFE99}"
EndProject
Project("{9A19103F-16F7-4668-BE54-9A1E7A4F7556}") = "ChartBuilding.Infrastructure.Service", "ChartBuilding.Infrastructure.Service\ChartBuilding.Infrastructure.Service.csproj", "{3E0E99DF-2FFC-416E-A070-8628DAB489AB}"
EndProject
Project("{2150E333-8FDC-42A3-9474-1A3956D46DE8}") = "Helper", "Helper", "{3ADEDF33-133E-4C08-852F-1D8F393CAF8E}"
EndProject
Project("{9A19103F-16F7-4668-BE54-9A1E7A4F7556}") = "ChartBuilding.Configurations", "ChartBuilding.Configurations\ChartBuilding.Configurations.csproj", "{406E5686-1007-4530-9017-AC13AB8B9A9A}"
EndProject
Project("{2150E333-8FDC-42A3-9474-1A3956D46DE8}") = "Jobs", "Jobs", "{00AD9335-968E-4A8F-9EB5-98962B685970}"
EndProject
Project("{FAE04EC0-301F-11D3-BF4B-00C04F79EFBC}") = "Chartbuilding.Generator", "Chartbuilding.Generator\Chartbuilding.Generator.csproj", "{E13916D7-811A-431F-B946-33E7B3EC0361}"
EndProject
Global
	GlobalSection(SolutionConfigurationPlatforms) = preSolution
		Debug|Any CPU = Debug|Any CPU
		Release|Any CPU = Release|Any CPU
	EndGlobalSection
	GlobalSection(ProjectConfigurationPlatforms) = postSolution
		{86C7006D-BDEC-4A8D-B0FE-0B5C0804C33B}.Debug|Any CPU.ActiveCfg = Debug|Any CPU
		{86C7006D-BDEC-4A8D-B0FE-0B5C0804C33B}.Debug|Any CPU.Build.0 = Debug|Any CPU
		{86C7006D-BDEC-4A8D-B0FE-0B5C0804C33B}.Release|Any CPU.ActiveCfg = Release|Any CPU
		{86C7006D-BDEC-4A8D-B0FE-0B5C0804C33B}.Release|Any CPU.Build.0 = Release|Any CPU
		{5A388C4B-17F6-4B2E-A5C7-CAFABC95E528}.Debug|Any CPU.ActiveCfg = Debug|Any CPU
		{5A388C4B-17F6-4B2E-A5C7-CAFABC95E528}.Debug|Any CPU.Build.0 = Debug|Any CPU
		{5A388C4B-17F6-4B2E-A5C7-CAFABC95E528}.Release|Any CPU.ActiveCfg = Release|Any CPU
		{5A388C4B-17F6-4B2E-A5C7-CAFABC95E528}.Release|Any CPU.Build.0 = Release|Any CPU
		{A46C4B76-7EF6-4E92-8014-0CBBD1E0A685}.Debug|Any CPU.ActiveCfg = Debug|Any CPU
		{A46C4B76-7EF6-4E92-8014-0CBBD1E0A685}.Debug|Any CPU.Build.0 = Debug|Any CPU
		{A46C4B76-7EF6-4E92-8014-0CBBD1E0A685}.Release|Any CPU.ActiveCfg = Release|Any CPU
		{A46C4B76-7EF6-4E92-8014-0CBBD1E0A685}.Release|Any CPU.Build.0 = Release|Any CPU
		{1A300B7E-A7BA-4915-82B8-4B968C6DFE99}.Debug|Any CPU.ActiveCfg = Debug|Any CPU
		{1A300B7E-A7BA-4915-82B8-4B968C6DFE99}.Debug|Any CPU.Build.0 = Debug|Any CPU
		{1A300B7E-A7BA-4915-82B8-4B968C6DFE99}.Release|Any CPU.ActiveCfg = Release|Any CPU
		{1A300B7E-A7BA-4915-82B8-4B968C6DFE99}.Release|Any CPU.Build.0 = Release|Any CPU
		{3E0E99DF-2FFC-416E-A070-8628DAB489AB}.Debug|Any CPU.ActiveCfg = Debug|Any CPU
		{3E0E99DF-2FFC-416E-A070-8628DAB489AB}.Debug|Any CPU.Build.0 = Debug|Any CPU
		{3E0E99DF-2FFC-416E-A070-8628DAB489AB}.Release|Any CPU.ActiveCfg = Release|Any CPU
		{3E0E99DF-2FFC-416E-A070-8628DAB489AB}.Release|Any CPU.Build.0 = Release|Any CPU
		{406E5686-1007-4530-9017-AC13AB8B9A9A}.Debug|Any CPU.ActiveCfg = Debug|Any CPU
		{406E5686-1007-4530-9017-AC13AB8B9A9A}.Debug|Any CPU.Build.0 = Debug|Any CPU
		{406E5686-1007-4530-9017-AC13AB8B9A9A}.Release|Any CPU.ActiveCfg = Release|Any CPU
		{406E5686-1007-4530-9017-AC13AB8B9A9A}.Release|Any CPU.Build.0 = Release|Any CPU
		{E13916D7-811A-431F-B946-33E7B3EC0361}.Debug|Any CPU.ActiveCfg = Debug|Any CPU
		{E13916D7-811A-431F-B946-33E7B3EC0361}.Debug|Any CPU.Build.0 = Debug|Any CPU
		{E13916D7-811A-431F-B946-33E7B3EC0361}.Release|Any CPU.ActiveCfg = Release|Any CPU
		{E13916D7-811A-431F-B946-33E7B3EC0361}.Release|Any CPU.Build.0 = Release|Any CPU
	EndGlobalSection
	GlobalSection(SolutionProperties) = preSolution
		HideSolutionNode = FALSE
	EndGlobalSection
	GlobalSection(NestedProjects) = preSolution
		{86C7006D-BDEC-4A8D-B0FE-0B5C0804C33B} = {A773A9B2-7174-45E4-A7AB-9B7B02500688}
		{A773A9B2-7174-45E4-A7AB-9B7B02500688} = {64337CCF-40CF-4B33-9D28-0E40E02EF752}
		{09393E81-F87E-4376-A071-F9D5A94A1631} = {64337CCF-40CF-4B33-9D28-0E40E02EF752}
		{7AAEA16E-A0FD-4A05-984F-AD24D8DDF1D5} = {64337CCF-40CF-4B33-9D28-0E40E02EF752}
		{5A388C4B-17F6-4B2E-A5C7-CAFABC95E528} = {7AAEA16E-A0FD-4A05-984F-AD24D8DDF1D5}
		{A46C4B76-7EF6-4E92-8014-0CBBD1E0A685} = {7AAEA16E-A0FD-4A05-984F-AD24D8DDF1D5}
		{1A300B7E-A7BA-4915-82B8-4B968C6DFE99} = {09393E81-F87E-4376-A071-F9D5A94A1631}
		{3E0E99DF-2FFC-416E-A070-8628DAB489AB} = {09393E81-F87E-4376-A071-F9D5A94A1631}
		{3ADEDF33-133E-4C08-852F-1D8F393CAF8E} = {64337CCF-40CF-4B33-9D28-0E40E02EF752}
		{406E5686-1007-4530-9017-AC13AB8B9A9A} = {3ADEDF33-133E-4C08-852F-1D8F393CAF8E}
		{00AD9335-968E-4A8F-9EB5-98962B685970} = {64337CCF-40CF-4B33-9D28-0E40E02EF752}
		{E13916D7-811A-431F-B946-33E7B3EC0361} = {00AD9335-968E-4A8F-9EB5-98962B685970}
	EndGlobalSection
	GlobalSection(ExtensibilityGlobals) = postSolution
		SolutionGuid = {1CB435EF-3008-455E-81AF-E432907837BB}
	EndGlobalSection
EndGlobal
